// !$*UTF8*$!
{
	archiveVersion = 1;
	classes = {
	};
	objectVersion = 46;
	objects = {

/* Begin PBXBuildFile section */
		1F70B9DC16A782F7009DCA94 /* VISA.framework in CopyFiles */ = {isa = PBXBuildFile; fileRef = 1F70B9D916A782BC009DCA94 /* VISA.framework */; };
		1F70B9EB16A7C437009DCA94 /* CompileProgressWindowController.m in Sources */ = {isa = PBXBuildFile; fileRef = 1F70B9EA16A7C437009DCA94 /* CompileProgressWindowController.m */; };
		1FE49C1916A3CD060016E8F6 /* Cocoa.framework in Frameworks */ = {isa = PBXBuildFile; fileRef = 1FE49C1816A3CD060016E8F6 /* Cocoa.framework */; };
		1FE49C2316A3CD060016E8F6 /* InfoPlist.strings in Resources */ = {isa = PBXBuildFile; fileRef = 1FE49C2116A3CD060016E8F6 /* InfoPlist.strings */; };
		1FE49C2516A3CD060016E8F6 /* main.m in Sources */ = {isa = PBXBuildFile; fileRef = 1FE49C2416A3CD060016E8F6 /* main.m */; };
		1FE49C2916A3CD060016E8F6 /* Credits.rtf in Resources */ = {isa = PBXBuildFile; fileRef = 1FE49C2716A3CD060016E8F6 /* Credits.rtf */; };
		1FE49C2C16A3CD060016E8F6 /* NXCSourceDocument.m in Sources */ = {isa = PBXBuildFile; fileRef = 1FE49C2B16A3CD060016E8F6 /* NXCSourceDocument.m */; };
		1FE49C3216A3CD060016E8F6 /* MainMenu.xib in Resources */ = {isa = PBXBuildFile; fileRef = 1FE49C3016A3CD060016E8F6 /* MainMenu.xib */; };
		1FE49C3A16A3CD060016E8F6 /* SenTestingKit.framework in Frameworks */ = {isa = PBXBuildFile; fileRef = 1FE49C3916A3CD060016E8F6 /* SenTestingKit.framework */; };
		1FE49C3B16A3CD060016E8F6 /* Cocoa.framework in Frameworks */ = {isa = PBXBuildFile; fileRef = 1FE49C1816A3CD060016E8F6 /* Cocoa.framework */; };
		1FE49C4316A3CD060016E8F6 /* InfoPlist.strings in Resources */ = {isa = PBXBuildFile; fileRef = 1FE49C4116A3CD060016E8F6 /* InfoPlist.strings */; };
		1FE49C4616A3CD060016E8F6 /* MINDcodeTests.m in Sources */ = {isa = PBXBuildFile; fileRef = 1FE49C4516A3CD060016E8F6 /* MINDcodeTests.m */; };
		1FE49C5516A3CF260016E8F6 /* ACEView.framework in Frameworks */ = {isa = PBXBuildFile; fileRef = 1FE49C5416A3CF260016E8F6 /* ACEView.framework */; };
		1FE49C5716A3CFCB0016E8F6 /* ACEView.framework in CopyFiles */ = {isa = PBXBuildFile; fileRef = 1FE49C5416A3CF260016E8F6 /* ACEView.framework */; };
		1FE49C5B16A3D0F90016E8F6 /* ACEViewController.m in Sources */ = {isa = PBXBuildFile; fileRef = 1FE49C5916A3D0F90016E8F6 /* ACEViewController.m */; };
		1FE49C5D16A3D1030016E8F6 /* ACEViewController.xib in Resources */ = {isa = PBXBuildFile; fileRef = 1FE49C5F16A3D1030016E8F6 /* ACEViewController.xib */; };
		1FE49C6316A3D2E10016E8F6 /* MainViewController.m in Sources */ = {isa = PBXBuildFile; fileRef = 1FE49C6116A3D2E10016E8F6 /* MainViewController.m */; };
		1FE49C6C16A3D9E90016E8F6 /* MainWindowController.m in Sources */ = {isa = PBXBuildFile; fileRef = 1FE49C6A16A3D9E90016E8F6 /* MainWindowController.m */; };
		1FE49C6E16A3D9FB0016E8F6 /* MainWindowController.xib in Resources */ = {isa = PBXBuildFile; fileRef = 1FE49C7016A3D9FB0016E8F6 /* MainWindowController.xib */; };
		1FE49C7C16A489960016E8F6 /* SourceDocument.m in Sources */ = {isa = PBXBuildFile; fileRef = 1FE49C7A16A489960016E8F6 /* SourceDocument.m */; };
		1FE49CB916A499FE0016E8F6 /* MainViewController.xib in Resources */ = {isa = PBXBuildFile; fileRef = 1FE49CBB16A499FE0016E8F6 /* MainViewController.xib */; };
		1FE49CCB16A49AA40016E8F6 /* nbc in CopyFiles */ = {isa = PBXBuildFile; fileRef = 1FE49CC216A49A8B0016E8F6 /* nbc */; };
		1FE49CCF16A4B1740016E8F6 /* SourceCompiler.m in Sources */ = {isa = PBXBuildFile; fileRef = 1FE49CCE16A4B1740016E8F6 /* SourceCompiler.m */; };
		1FE49CD216A4B2930016E8F6 /* NXCSourceCompiler.m in Sources */ = {isa = PBXBuildFile; fileRef = 1FE49CD116A4B2930016E8F6 /* NXCSourceCompiler.m */; };
		1FE49CD816A4CACC0016E8F6 /* NXTKit.framework in Frameworks */ = {isa = PBXBuildFile; fileRef = 1FE49CD716A4CACC0016E8F6 /* NXTKit.framework */; };
		1FE49CD916A4CAD40016E8F6 /* NXTKit.framework in CopyFiles */ = {isa = PBXBuildFile; fileRef = 1FE49CD716A4CACC0016E8F6 /* NXTKit.framework */; };
		1FE49CE416A4CB920016E8F6 /* IOBluetoothUI.framework in Frameworks */ = {isa = PBXBuildFile; fileRef = 1FE49CE316A4CB920016E8F6 /* IOBluetoothUI.framework */; };
		1FE49CE716A4CE170016E8F6 /* NXTDeviceManager.m in Sources */ = {isa = PBXBuildFile; fileRef = 1FE49CE616A4CE170016E8F6 /* NXTDeviceManager.m */; };
		1FE49CFB16A4EC730016E8F6 /* Localizable.strings in Resources */ = {isa = PBXBuildFile; fileRef = 1FE49CFD16A4EC730016E8F6 /* Localizable.strings */; };
		1FE49D0116A4EEA90016E8F6 /* ProgressWindowController.m in Sources */ = {isa = PBXBuildFile; fileRef = 1FE49CFF16A4EEA90016E8F6 /* ProgressWindowController.m */; };
		1FE49D0816A507140016E8F6 /* UploadProgressWindowController.m in Sources */ = {isa = PBXBuildFile; fileRef = 1FE49D0716A507140016E8F6 /* UploadProgressWindowController.m */; };
		1FE49D1E16A60AF60016E8F6 /* Fantom.framework in CopyFiles */ = {isa = PBXBuildFile; fileRef = 1FE49D1C16A60AA00016E8F6 /* Fantom.framework */; };
		1FE49D1F16A60B2F0016E8F6 /* ProgressWindowController.xib in Resources */ = {isa = PBXBuildFile; fileRef = 1FE49D2116A60B2F0016E8F6 /* ProgressWindowController.xib */; };
/* End PBXBuildFile section */

/* Begin PBXContainerItemProxy section */
		1FE49C3C16A3CD060016E8F6 /* PBXContainerItemProxy */ = {
			isa = PBXContainerItemProxy;
			containerPortal = 1FE49C0B16A3CD060016E8F6 /* Project object */;
			proxyType = 1;
			remoteGlobalIDString = 1FE49C1316A3CD060016E8F6;
			remoteInfo = MINDcode;
		};
/* End PBXContainerItemProxy section */

/* Begin PBXCopyFilesBuildPhase section */
		1FE49C5616A3CFA30016E8F6 /* CopyFiles */ = {
			isa = PBXCopyFilesBuildPhase;
			buildActionMask = 2147483647;
			dstPath = "";
			dstSubfolderSpec = 10;
			files = (
				1FE49C5716A3CFCB0016E8F6 /* ACEView.framework in CopyFiles */,
				1F70B9DC16A782F7009DCA94 /* VISA.framework in CopyFiles */,
				1FE49CD916A4CAD40016E8F6 /* NXTKit.framework in CopyFiles */,
				1FE49D1E16A60AF60016E8F6 /* Fantom.framework in CopyFiles */,
			);
			runOnlyForDeploymentPostprocessing = 0;
		};
		1FE49CB416A496850016E8F6 /* CopyFiles */ = {
			isa = PBXCopyFilesBuildPhase;
			buildActionMask = 2147483647;
			dstPath = "";
			dstSubfolderSpec = 6;
			files = (
				1FE49CCB16A49AA40016E8F6 /* nbc in CopyFiles */,
			);
			runOnlyForDeploymentPostprocessing = 0;
		};
/* End PBXCopyFilesBuildPhase section */

/* Begin PBXFileReference section */
		1F5DF06C16A75EEE00377621 /* ProgressWindowController+Protected.h */ = {isa = PBXFileReference; fileEncoding = 4; lastKnownFileType = sourcecode.c.h; path = "ProgressWindowController+Protected.h"; sourceTree = "<group>"; };
		1F70B9D916A782BC009DCA94 /* VISA.framework */ = {isa = PBXFileReference; lastKnownFileType = wrapper.framework; path = VISA.framework; sourceTree = "<group>"; };
		1F70B9E916A7C437009DCA94 /* CompileProgressWindowController.h */ = {isa = PBXFileReference; fileEncoding = 4; lastKnownFileType = sourcecode.c.h; path = CompileProgressWindowController.h; sourceTree = "<group>"; };
		1F70B9EA16A7C437009DCA94 /* CompileProgressWindowController.m */ = {isa = PBXFileReference; fileEncoding = 4; lastKnownFileType = sourcecode.c.objc; path = CompileProgressWindowController.m; sourceTree = "<group>"; };
		1FE49C1416A3CD060016E8F6 /* MINDcode.app */ = {isa = PBXFileReference; explicitFileType = wrapper.application; includeInIndex = 0; path = MINDcode.app; sourceTree = BUILT_PRODUCTS_DIR; };
		1FE49C1816A3CD060016E8F6 /* Cocoa.framework */ = {isa = PBXFileReference; lastKnownFileType = wrapper.framework; name = Cocoa.framework; path = System/Library/Frameworks/Cocoa.framework; sourceTree = SDKROOT; };
		1FE49C1B16A3CD060016E8F6 /* AppKit.framework */ = {isa = PBXFileReference; lastKnownFileType = wrapper.framework; name = AppKit.framework; path = System/Library/Frameworks/AppKit.framework; sourceTree = SDKROOT; };
		1FE49C1D16A3CD060016E8F6 /* Foundation.framework */ = {isa = PBXFileReference; lastKnownFileType = wrapper.framework; name = Foundation.framework; path = System/Library/Frameworks/Foundation.framework; sourceTree = SDKROOT; };
		1FE49C2016A3CD060016E8F6 /* MINDcode-Info.plist */ = {isa = PBXFileReference; lastKnownFileType = text.plist.xml; path = "MINDcode-Info.plist"; sourceTree = "<group>"; };
		1FE49C2216A3CD060016E8F6 /* en */ = {isa = PBXFileReference; lastKnownFileType = text.plist.strings; name = en; path = en.lproj/InfoPlist.strings; sourceTree = "<group>"; };
		1FE49C2416A3CD060016E8F6 /* main.m */ = {isa = PBXFileReference; lastKnownFileType = sourcecode.c.objc; path = main.m; sourceTree = "<group>"; };
		1FE49C2616A3CD060016E8F6 /* MINDcode-Prefix.pch */ = {isa = PBXFileReference; lastKnownFileType = sourcecode.c.h; path = "MINDcode-Prefix.pch"; sourceTree = "<group>"; };
		1FE49C2816A3CD060016E8F6 /* en */ = {isa = PBXFileReference; lastKnownFileType = text.rtf; name = en; path = en.lproj/Credits.rtf; sourceTree = "<group>"; };
		1FE49C2A16A3CD060016E8F6 /* NXCSourceDocument.h */ = {isa = PBXFileReference; lastKnownFileType = sourcecode.c.h; path = NXCSourceDocument.h; sourceTree = "<group>"; };
		1FE49C2B16A3CD060016E8F6 /* NXCSourceDocument.m */ = {isa = PBXFileReference; lastKnownFileType = sourcecode.c.objc; path = NXCSourceDocument.m; sourceTree = "<group>"; };
		1FE49C3116A3CD060016E8F6 /* en */ = {isa = PBXFileReference; lastKnownFileType = file.xib; name = en; path = en.lproj/MainMenu.xib; sourceTree = "<group>"; };
		1FE49C3816A3CD060016E8F6 /* MINDcodeTests.octest */ = {isa = PBXFileReference; explicitFileType = wrapper.cfbundle; includeInIndex = 0; path = MINDcodeTests.octest; sourceTree = BUILT_PRODUCTS_DIR; };
		1FE49C3916A3CD060016E8F6 /* SenTestingKit.framework */ = {isa = PBXFileReference; lastKnownFileType = wrapper.framework; name = SenTestingKit.framework; path = Library/Frameworks/SenTestingKit.framework; sourceTree = DEVELOPER_DIR; };
		1FE49C4016A3CD060016E8F6 /* MINDcodeTests-Info.plist */ = {isa = PBXFileReference; lastKnownFileType = text.plist.xml; path = "MINDcodeTests-Info.plist"; sourceTree = "<group>"; };
		1FE49C4216A3CD060016E8F6 /* en */ = {isa = PBXFileReference; lastKnownFileType = text.plist.strings; name = en; path = en.lproj/InfoPlist.strings; sourceTree = "<group>"; };
		1FE49C4416A3CD060016E8F6 /* MINDcodeTests.h */ = {isa = PBXFileReference; lastKnownFileType = sourcecode.c.h; path = MINDcodeTests.h; sourceTree = "<group>"; };
		1FE49C4516A3CD060016E8F6 /* MINDcodeTests.m */ = {isa = PBXFileReference; lastKnownFileType = sourcecode.c.objc; path = MINDcodeTests.m; sourceTree = "<group>"; };
		1FE49C5416A3CF260016E8F6 /* ACEView.framework */ = {isa = PBXFileReference; lastKnownFileType = wrapper.framework; path = ACEView.framework; sourceTree = "<group>"; };
		1FE49C5816A3D0F90016E8F6 /* ACEViewController.h */ = {isa = PBXFileReference; fileEncoding = 4; lastKnownFileType = sourcecode.c.h; path = ACEViewController.h; sourceTree = "<group>"; };
		1FE49C5916A3D0F90016E8F6 /* ACEViewController.m */ = {isa = PBXFileReference; fileEncoding = 4; lastKnownFileType = sourcecode.c.objc; path = ACEViewController.m; sourceTree = "<group>"; };
		1FE49C5E16A3D1030016E8F6 /* en */ = {isa = PBXFileReference; lastKnownFileType = file.xib; name = en; path = en.lproj/ACEViewController.xib; sourceTree = "<group>"; };
		1FE49C6016A3D2E10016E8F6 /* MainViewController.h */ = {isa = PBXFileReference; fileEncoding = 4; lastKnownFileType = sourcecode.c.h; path = MainViewController.h; sourceTree = "<group>"; };
		1FE49C6116A3D2E10016E8F6 /* MainViewController.m */ = {isa = PBXFileReference; fileEncoding = 4; lastKnownFileType = sourcecode.c.objc; path = MainViewController.m; sourceTree = "<group>"; };
		1FE49C6916A3D9E90016E8F6 /* MainWindowController.h */ = {isa = PBXFileReference; fileEncoding = 4; lastKnownFileType = sourcecode.c.h; path = MainWindowController.h; sourceTree = "<group>"; };
		1FE49C6A16A3D9E90016E8F6 /* MainWindowController.m */ = {isa = PBXFileReference; fileEncoding = 4; lastKnownFileType = sourcecode.c.objc; path = MainWindowController.m; sourceTree = "<group>"; };
		1FE49C6F16A3D9FB0016E8F6 /* en */ = {isa = PBXFileReference; lastKnownFileType = file.xib; name = en; path = en.lproj/MainWindowController.xib; sourceTree = "<group>"; };
		1FE49C7916A489960016E8F6 /* SourceDocument.h */ = {isa = PBXFileReference; fileEncoding = 4; lastKnownFileType = sourcecode.c.h; path = SourceDocument.h; sourceTree = "<group>"; };
		1FE49C7A16A489960016E8F6 /* SourceDocument.m */ = {isa = PBXFileReference; fileEncoding = 4; lastKnownFileType = sourcecode.c.objc; path = SourceDocument.m; sourceTree = "<group>"; };
		1FE49CBA16A499FE0016E8F6 /* en */ = {isa = PBXFileReference; lastKnownFileType = file.xib; name = en; path = en.lproj/MainViewController.xib; sourceTree = "<group>"; };
		1FE49CBE16A49A8B0016E8F6 /* Changelog */ = {isa = PBXFileReference; lastKnownFileType = text; path = Changelog; sourceTree = "<group>"; };
		1FE49CBF16A49A8B0016E8F6 /* nbc.1 */ = {isa = PBXFileReference; lastKnownFileType = text.man; path = nbc.1; sourceTree = "<group>"; };
		1FE49CC016A49A8B0016E8F6 /* Readme */ = {isa = PBXFileReference; lastKnownFileType = text; path = Readme; sourceTree = "<group>"; };
		1FE49CC216A49A8B0016E8F6 /* nbc */ = {isa = PBXFileReference; lastKnownFileType = "compiled.mach-o.executable"; path = nbc; sourceTree = "<group>"; };
		1FE49CC416A49A8B0016E8F6 /* NBC Compile And Download via USB.app */ = {isa = PBXFileReference; lastKnownFileType = wrapper.application; path = "NBC Compile And Download via USB.app"; sourceTree = "<group>"; };
		1FE49CC516A49A8B0016E8F6 /* NBCCompile.app */ = {isa = PBXFileReference; lastKnownFileType = wrapper.application; path = NBCCompile.app; sourceTree = "<group>"; };
		1FE49CC616A49A8B0016E8F6 /* NXT Download via USB.app */ = {isa = PBXFileReference; lastKnownFileType = wrapper.application; path = "NXT Download via USB.app"; sourceTree = "<group>"; };
		1FE49CC716A49A8B0016E8F6 /* nxtcom */ = {isa = PBXFileReference; lastKnownFileType = "compiled.mach-o.executable"; path = nxtcom; sourceTree = "<group>"; };
		1FE49CC816A49A8B0016E8F6 /* readme_nxtcom.txt */ = {isa = PBXFileReference; lastKnownFileType = text; path = readme_nxtcom.txt; sourceTree = "<group>"; };
		1FE49CCA16A49A8B0016E8F6 /* struct.nxc */ = {isa = PBXFileReference; lastKnownFileType = text; path = struct.nxc; sourceTree = "<group>"; };
		1FE49CCD16A4B1740016E8F6 /* SourceCompiler.h */ = {isa = PBXFileReference; fileEncoding = 4; lastKnownFileType = sourcecode.c.h; path = SourceCompiler.h; sourceTree = "<group>"; };
		1FE49CCE16A4B1740016E8F6 /* SourceCompiler.m */ = {isa = PBXFileReference; fileEncoding = 4; lastKnownFileType = sourcecode.c.objc; path = SourceCompiler.m; sourceTree = "<group>"; };
		1FE49CD016A4B2930016E8F6 /* NXCSourceCompiler.h */ = {isa = PBXFileReference; fileEncoding = 4; lastKnownFileType = sourcecode.c.h; path = NXCSourceCompiler.h; sourceTree = "<group>"; };
		1FE49CD116A4B2930016E8F6 /* NXCSourceCompiler.m */ = {isa = PBXFileReference; fileEncoding = 4; lastKnownFileType = sourcecode.c.objc; path = NXCSourceCompiler.m; sourceTree = "<group>"; };
		1FE49CD716A4CACC0016E8F6 /* NXTKit.framework */ = {isa = PBXFileReference; lastKnownFileType = wrapper.framework; path = NXTKit.framework; sourceTree = "<group>"; };
		1FE49CE316A4CB920016E8F6 /* IOBluetoothUI.framework */ = {isa = PBXFileReference; lastKnownFileType = wrapper.framework; name = IOBluetoothUI.framework; path = System/Library/Frameworks/IOBluetoothUI.framework; sourceTree = SDKROOT; };
		1FE49CE516A4CE170016E8F6 /* NXTDeviceManager.h */ = {isa = PBXFileReference; fileEncoding = 4; lastKnownFileType = sourcecode.c.h; path = NXTDeviceManager.h; sourceTree = "<group>"; };
		1FE49CE616A4CE170016E8F6 /* NXTDeviceManager.m */ = {isa = PBXFileReference; fileEncoding = 4; lastKnownFileType = sourcecode.c.objc; path = NXTDeviceManager.m; sourceTree = "<group>"; };
		1FE49CFC16A4EC730016E8F6 /* en */ = {isa = PBXFileReference; lastKnownFileType = text.plist.strings; name = en; path = en.lproj/Localizable.strings; sourceTree = "<group>"; };
		1FE49CFE16A4EEA90016E8F6 /* ProgressWindowController.h */ = {isa = PBXFileReference; fileEncoding = 4; lastKnownFileType = sourcecode.c.h; path = ProgressWindowController.h; sourceTree = "<group>"; };
		1FE49CFF16A4EEA90016E8F6 /* ProgressWindowController.m */ = {isa = PBXFileReference; fileEncoding = 4; lastKnownFileType = sourcecode.c.objc; path = ProgressWindowController.m; sourceTree = "<group>"; };
		1FE49D0616A507140016E8F6 /* UploadProgressWindowController.h */ = {isa = PBXFileReference; fileEncoding = 4; lastKnownFileType = sourcecode.c.h; path = UploadProgressWindowController.h; sourceTree = "<group>"; };
		1FE49D0716A507140016E8F6 /* UploadProgressWindowController.m */ = {isa = PBXFileReference; fileEncoding = 4; lastKnownFileType = sourcecode.c.objc; path = UploadProgressWindowController.m; sourceTree = "<group>"; };
		1FE49D1A16A5FF640016E8F6 /* NXT.h */ = {isa = PBXFileReference; lastKnownFileType = sourcecode.c.h; path = NXT.h; sourceTree = "<group>"; };
		1FE49D1C16A60AA00016E8F6 /* Fantom.framework */ = {isa = PBXFileReference; lastKnownFileType = wrapper.framework; path = Fantom.framework; sourceTree = "<group>"; };
		1FE49D2016A60B2F0016E8F6 /* en */ = {isa = PBXFileReference; lastKnownFileType = file.xib; name = en; path = en.lproj/ProgressWindowController.xib; sourceTree = "<group>"; };
		1FF20AB516A738450012F460 /* SourceCompiler+Protected.h */ = {isa = PBXFileReference; fileEncoding = 4; lastKnownFileType = sourcecode.c.h; path = "SourceCompiler+Protected.h"; sourceTree = "<group>"; };
/* End PBXFileReference section */

/* Begin PBXFrameworksBuildPhase section */
		1FE49C1116A3CD060016E8F6 /* Frameworks */ = {
			isa = PBXFrameworksBuildPhase;
			buildActionMask = 2147483647;
			files = (
				1FE49CE416A4CB920016E8F6 /* IOBluetoothUI.framework in Frameworks */,
				1FE49C1916A3CD060016E8F6 /* Cocoa.framework in Frameworks */,
				1FE49C5516A3CF260016E8F6 /* ACEView.framework in Frameworks */,
				1FE49CD816A4CACC0016E8F6 /* NXTKit.framework in Frameworks */,
			);
			runOnlyForDeploymentPostprocessing = 0;
		};
		1FE49C3416A3CD060016E8F6 /* Frameworks */ = {
			isa = PBXFrameworksBuildPhase;
			buildActionMask = 2147483647;
			files = (
				1FE49C3A16A3CD060016E8F6 /* SenTestingKit.framework in Frameworks */,
				1FE49C3B16A3CD060016E8F6 /* Cocoa.framework in Frameworks */,
			);
			runOnlyForDeploymentPostprocessing = 0;
		};
/* End PBXFrameworksBuildPhase section */

/* Begin PBXGroup section */
		1F70B9DB16A782CD009DCA94 /* LegoMindstorms */ = {
			isa = PBXGroup;
			children = (
				1F70B9D916A782BC009DCA94 /* VISA.framework */,
				1FE49D1C16A60AA00016E8F6 /* Fantom.framework */,
			);
			name = LegoMindstorms;
			sourceTree = "<group>";
		};
		1FE49C0916A3CD060016E8F6 = {
			isa = PBXGroup;
			children = (
				1FE49C1E16A3CD060016E8F6 /* MINDcode */,
				1FE49C3E16A3CD060016E8F6 /* MINDcodeTests */,
				1FE49C1716A3CD060016E8F6 /* Frameworks */,
				1FE49CB816A498490016E8F6 /* bin */,
				1FE49C1516A3CD060016E8F6 /* Products */,
			);
			sourceTree = "<group>";
		};
		1FE49C1516A3CD060016E8F6 /* Products */ = {
			isa = PBXGroup;
			children = (
				1FE49C1416A3CD060016E8F6 /* MINDcode.app */,
				1FE49C3816A3CD060016E8F6 /* MINDcodeTests.octest */,
			);
			name = Products;
			sourceTree = "<group>";
		};
		1FE49C1716A3CD060016E8F6 /* Frameworks */ = {
			isa = PBXGroup;
			children = (
				1F70B9DB16A782CD009DCA94 /* LegoMindstorms */,
				1FE49CE316A4CB920016E8F6 /* IOBluetoothUI.framework */,
				1FE49CD716A4CACC0016E8F6 /* NXTKit.framework */,
				1FE49C5416A3CF260016E8F6 /* ACEView.framework */,
				1FE49C1816A3CD060016E8F6 /* Cocoa.framework */,
				1FE49C3916A3CD060016E8F6 /* SenTestingKit.framework */,
				1FE49C1A16A3CD060016E8F6 /* Other Frameworks */,
			);
			name = Frameworks;
			sourceTree = "<group>";
		};
		1FE49C1A16A3CD060016E8F6 /* Other Frameworks */ = {
			isa = PBXGroup;
			children = (
				1FE49C1B16A3CD060016E8F6 /* AppKit.framework */,
				1FE49C1D16A3CD060016E8F6 /* Foundation.framework */,
			);
			name = "Other Frameworks";
			sourceTree = "<group>";
		};
		1FE49C1E16A3CD060016E8F6 /* MINDcode */ = {
			isa = PBXGroup;
			children = (
				1FE49CCC16A4B1550016E8F6 /* Compilers */,
				1FE49C8016A48CA40016E8F6 /* UI */,
				1FE49C7F16A48C640016E8F6 /* Documents */,
				1FE49D1A16A5FF640016E8F6 /* NXT.h */,
				1FE49CE516A4CE170016E8F6 /* NXTDeviceManager.h */,
				1FE49CE616A4CE170016E8F6 /* NXTDeviceManager.m */,
				1FE49C6916A3D9E90016E8F6 /* MainWindowController.h */,
				1FE49C6A16A3D9E90016E8F6 /* MainWindowController.m */,
				1FE49C6016A3D2E10016E8F6 /* MainViewController.h */,
				1FE49C6116A3D2E10016E8F6 /* MainViewController.m */,
				1FE49C5816A3D0F90016E8F6 /* ACEViewController.h */,
				1FE49C5916A3D0F90016E8F6 /* ACEViewController.m */,
				1FE49CFE16A4EEA90016E8F6 /* ProgressWindowController.h */,
				1FE49CFF16A4EEA90016E8F6 /* ProgressWindowController.m */,
				1F5DF06C16A75EEE00377621 /* ProgressWindowController+Protected.h */,
				1FE49D0616A507140016E8F6 /* UploadProgressWindowController.h */,
				1FE49D0716A507140016E8F6 /* UploadProgressWindowController.m */,
				1F70B9E916A7C437009DCA94 /* CompileProgressWindowController.h */,
				1F70B9EA16A7C437009DCA94 /* CompileProgressWindowController.m */,
				1FE49C1F16A3CD060016E8F6 /* Supporting Files */,
			);
			path = MINDcode;
			sourceTree = "<group>";
		};
		1FE49C1F16A3CD060016E8F6 /* Supporting Files */ = {
			isa = PBXGroup;
			children = (
				1FE49C2016A3CD060016E8F6 /* MINDcode-Info.plist */,
				1FE49C2116A3CD060016E8F6 /* InfoPlist.strings */,
				1FE49C2416A3CD060016E8F6 /* main.m */,
				1FE49C2616A3CD060016E8F6 /* MINDcode-Prefix.pch */,
				1FE49C2716A3CD060016E8F6 /* Credits.rtf */,
				1FE49CFD16A4EC730016E8F6 /* Localizable.strings */,
			);
			name = "Supporting Files";
			sourceTree = "<group>";
		};
		1FE49C3E16A3CD060016E8F6 /* MINDcodeTests */ = {
			isa = PBXGroup;
			children = (
				1FE49C4416A3CD060016E8F6 /* MINDcodeTests.h */,
				1FE49C4516A3CD060016E8F6 /* MINDcodeTests.m */,
				1FE49C3F16A3CD060016E8F6 /* Supporting Files */,
			);
			path = MINDcodeTests;
			sourceTree = "<group>";
		};
		1FE49C3F16A3CD060016E8F6 /* Supporting Files */ = {
			isa = PBXGroup;
			children = (
				1FE49C4016A3CD060016E8F6 /* MINDcodeTests-Info.plist */,
				1FE49C4116A3CD060016E8F6 /* InfoPlist.strings */,
			);
			name = "Supporting Files";
			sourceTree = "<group>";
		};
		1FE49C7F16A48C640016E8F6 /* Documents */ = {
			isa = PBXGroup;
			children = (
				1FE49C7916A489960016E8F6 /* SourceDocument.h */,
				1FE49C7A16A489960016E8F6 /* SourceDocument.m */,
				1FE49C2A16A3CD060016E8F6 /* NXCSourceDocument.h */,
				1FE49C2B16A3CD060016E8F6 /* NXCSourceDocument.m */,
			);
			name = Documents;
			sourceTree = "<group>";
		};
		1FE49C8016A48CA40016E8F6 /* UI */ = {
			isa = PBXGroup;
			children = (
				1FE49C3016A3CD060016E8F6 /* MainMenu.xib */,
				1FE49C7016A3D9FB0016E8F6 /* MainWindowController.xib */,
				1FE49CBB16A499FE0016E8F6 /* MainViewController.xib */,
				1FE49C5F16A3D1030016E8F6 /* ACEViewController.xib */,
				1FE49D2116A60B2F0016E8F6 /* ProgressWindowController.xib */,
			);
			name = UI;
			sourceTree = "<group>";
		};
		1FE49CB816A498490016E8F6 /* bin */ = {
			isa = PBXGroup;
			children = (
				1FE49CBC16A49A8B0016E8F6 /* nbc-1.2.1.r4.osx */,
			);
			name = bin;
			path = MINDcode;
			sourceTree = "<group>";
		};
		1FE49CBC16A49A8B0016E8F6 /* nbc-1.2.1.r4.osx */ = {
			isa = PBXGroup;
			children = (
				1FE49CBD16A49A8B0016E8F6 /* doc */,
				1FE49CC116A49A8B0016E8F6 /* NXT */,
				1FE49CC916A49A8B0016E8F6 /* tests */,
			);
			name = "nbc-1.2.1.r4.osx";
			path = "bin/nbc-1.2.1.r4.osx";
			sourceTree = SOURCE_ROOT;
		};
		1FE49CBD16A49A8B0016E8F6 /* doc */ = {
			isa = PBXGroup;
			children = (
				1FE49CBE16A49A8B0016E8F6 /* Changelog */,
				1FE49CBF16A49A8B0016E8F6 /* nbc.1 */,
				1FE49CC016A49A8B0016E8F6 /* Readme */,
			);
			path = doc;
			sourceTree = "<group>";
		};
		1FE49CC116A49A8B0016E8F6 /* NXT */ = {
			isa = PBXGroup;
			children = (
				1FE49CC216A49A8B0016E8F6 /* nbc */,
				1FE49CC316A49A8B0016E8F6 /* nxtcom_scripts */,
			);
			path = NXT;
			sourceTree = "<group>";
		};
		1FE49CC316A49A8B0016E8F6 /* nxtcom_scripts */ = {
			isa = PBXGroup;
			children = (
				1FE49CC416A49A8B0016E8F6 /* NBC Compile And Download via USB.app */,
				1FE49CC516A49A8B0016E8F6 /* NBCCompile.app */,
				1FE49CC616A49A8B0016E8F6 /* NXT Download via USB.app */,
				1FE49CC716A49A8B0016E8F6 /* nxtcom */,
				1FE49CC816A49A8B0016E8F6 /* readme_nxtcom.txt */,
			);
			path = nxtcom_scripts;
			sourceTree = "<group>";
		};
		1FE49CC916A49A8B0016E8F6 /* tests */ = {
			isa = PBXGroup;
			children = (
				1FE49CCA16A49A8B0016E8F6 /* struct.nxc */,
			);
			path = tests;
			sourceTree = "<group>";
		};
		1FE49CCC16A4B1550016E8F6 /* Compilers */ = {
			isa = PBXGroup;
			children = (
				1FE49CCD16A4B1740016E8F6 /* SourceCompiler.h */,
				1FE49CCE16A4B1740016E8F6 /* SourceCompiler.m */,
				1FF20AB516A738450012F460 /* SourceCompiler+Protected.h */,
				1FE49CD016A4B2930016E8F6 /* NXCSourceCompiler.h */,
				1FE49CD116A4B2930016E8F6 /* NXCSourceCompiler.m */,
			);
			name = Compilers;
			sourceTree = "<group>";
		};
/* End PBXGroup section */

/* Begin PBXNativeTarget section */
		1FE49C1316A3CD060016E8F6 /* MINDcode */ = {
			isa = PBXNativeTarget;
			buildConfigurationList = 1FE49C4916A3CD060016E8F6 /* Build configuration list for PBXNativeTarget "MINDcode" */;
			buildPhases = (
				1FE49C1016A3CD060016E8F6 /* Sources */,
				1FE49C1116A3CD060016E8F6 /* Frameworks */,
				1FE49C1216A3CD060016E8F6 /* Resources */,
				1FE49C5616A3CFA30016E8F6 /* CopyFiles */,
				1FE49CB416A496850016E8F6 /* CopyFiles */,
			);
			buildRules = (
			);
			dependencies = (
			);
			name = MINDcode;
			productName = MINDcode;
			productReference = 1FE49C1416A3CD060016E8F6 /* MINDcode.app */;
			productType = "com.apple.product-type.application";
		};
		1FE49C3716A3CD060016E8F6 /* MINDcodeTests */ = {
			isa = PBXNativeTarget;
			buildConfigurationList = 1FE49C4C16A3CD060016E8F6 /* Build configuration list for PBXNativeTarget "MINDcodeTests" */;
			buildPhases = (
				1FE49C3316A3CD060016E8F6 /* Sources */,
				1FE49C3416A3CD060016E8F6 /* Frameworks */,
				1FE49C3516A3CD060016E8F6 /* Resources */,
				1FE49C3616A3CD060016E8F6 /* ShellScript */,
			);
			buildRules = (
			);
			dependencies = (
				1FE49C3D16A3CD060016E8F6 /* PBXTargetDependency */,
			);
			name = MINDcodeTests;
			productName = MINDcodeTests;
			productReference = 1FE49C3816A3CD060016E8F6 /* MINDcodeTests.octest */;
			productType = "com.apple.product-type.bundle";
		};
/* End PBXNativeTarget section */

/* Begin PBXProject section */
		1FE49C0B16A3CD060016E8F6 /* Project object */ = {
			isa = PBXProject;
			attributes = {
				LastUpgradeCheck = 0450;
				ORGANIZATIONNAME = "Jeff Sawatzky";
			};
			buildConfigurationList = 1FE49C0E16A3CD060016E8F6 /* Build configuration list for PBXProject "MINDcode" */;
			compatibilityVersion = "Xcode 3.2";
			developmentRegion = English;
			hasScannedForEncodings = 0;
			knownRegions = (
				en,
			);
			mainGroup = 1FE49C0916A3CD060016E8F6;
			productRefGroup = 1FE49C1516A3CD060016E8F6 /* Products */;
			projectDirPath = "";
			projectRoot = "";
			targets = (
				1FE49C1316A3CD060016E8F6 /* MINDcode */,
				1FE49C3716A3CD060016E8F6 /* MINDcodeTests */,
			);
		};
/* End PBXProject section */

/* Begin PBXResourcesBuildPhase section */
		1FE49C1216A3CD060016E8F6 /* Resources */ = {
			isa = PBXResourcesBuildPhase;
			buildActionMask = 2147483647;
			files = (
				1FE49C2316A3CD060016E8F6 /* InfoPlist.strings in Resources */,
				1FE49C2916A3CD060016E8F6 /* Credits.rtf in Resources */,
				1FE49C3216A3CD060016E8F6 /* MainMenu.xib in Resources */,
				1FE49C5D16A3D1030016E8F6 /* ACEViewController.xib in Resources */,
				1FE49CB916A499FE0016E8F6 /* MainViewController.xib in Resources */,
				1FE49C6E16A3D9FB0016E8F6 /* MainWindowController.xib in Resources */,
				1FE49CFB16A4EC730016E8F6 /* Localizable.strings in Resources */,
				1FE49D1F16A60B2F0016E8F6 /* ProgressWindowController.xib in Resources */,
			);
			runOnlyForDeploymentPostprocessing = 0;
		};
		1FE49C3516A3CD060016E8F6 /* Resources */ = {
			isa = PBXResourcesBuildPhase;
			buildActionMask = 2147483647;
			files = (
				1FE49C4316A3CD060016E8F6 /* InfoPlist.strings in Resources */,
			);
			runOnlyForDeploymentPostprocessing = 0;
		};
/* End PBXResourcesBuildPhase section */

/* Begin PBXShellScriptBuildPhase section */
		1FE49C3616A3CD060016E8F6 /* ShellScript */ = {
			isa = PBXShellScriptBuildPhase;
			buildActionMask = 2147483647;
			files = (
			);
			inputPaths = (
			);
			outputPaths = (
			);
			runOnlyForDeploymentPostprocessing = 0;
			shellPath = /bin/sh;
			shellScript = "# Run the unit tests in this test bundle.\n\"${SYSTEM_DEVELOPER_DIR}/Tools/RunUnitTests\"\n";
		};
/* End PBXShellScriptBuildPhase section */

/* Begin PBXSourcesBuildPhase section */
		1FE49C1016A3CD060016E8F6 /* Sources */ = {
			isa = PBXSourcesBuildPhase;
			buildActionMask = 2147483647;
			files = (
				1FE49C2516A3CD060016E8F6 /* main.m in Sources */,
				1FE49C2C16A3CD060016E8F6 /* NXCSourceDocument.m in Sources */,
				1FE49C5B16A3D0F90016E8F6 /* ACEViewController.m in Sources */,
				1FE49C6316A3D2E10016E8F6 /* MainViewController.m in Sources */,
				1FE49C6C16A3D9E90016E8F6 /* MainWindowController.m in Sources */,
				1FE49C7C16A489960016E8F6 /* SourceDocument.m in Sources */,
				1FE49CCF16A4B1740016E8F6 /* SourceCompiler.m in Sources */,
				1FE49CD216A4B2930016E8F6 /* NXCSourceCompiler.m in Sources */,
				1FE49CE716A4CE170016E8F6 /* NXTDeviceManager.m in Sources */,
				1FE49D0116A4EEA90016E8F6 /* ProgressWindowController.m in Sources */,
				1FE49D0816A507140016E8F6 /* UploadProgressWindowController.m in Sources */,
				1F70B9EB16A7C437009DCA94 /* CompileProgressWindowController.m in Sources */,
			);
			runOnlyForDeploymentPostprocessing = 0;
		};
		1FE49C3316A3CD060016E8F6 /* Sources */ = {
			isa = PBXSourcesBuildPhase;
			buildActionMask = 2147483647;
			files = (
				1FE49C4616A3CD060016E8F6 /* MINDcodeTests.m in Sources */,
			);
			runOnlyForDeploymentPostprocessing = 0;
		};
/* End PBXSourcesBuildPhase section */

/* Begin PBXTargetDependency section */
		1FE49C3D16A3CD060016E8F6 /* PBXTargetDependency */ = {
			isa = PBXTargetDependency;
			target = 1FE49C1316A3CD060016E8F6 /* MINDcode */;
			targetProxy = 1FE49C3C16A3CD060016E8F6 /* PBXContainerItemProxy */;
		};
/* End PBXTargetDependency section */

/* Begin PBXVariantGroup section */
		1FE49C2116A3CD060016E8F6 /* InfoPlist.strings */ = {
			isa = PBXVariantGroup;
			children = (
				1FE49C2216A3CD060016E8F6 /* en */,
			);
			name = InfoPlist.strings;
			sourceTree = "<group>";
		};
		1FE49C2716A3CD060016E8F6 /* Credits.rtf */ = {
			isa = PBXVariantGroup;
			children = (
				1FE49C2816A3CD060016E8F6 /* en */,
			);
			name = Credits.rtf;
			sourceTree = "<group>";
		};
		1FE49C3016A3CD060016E8F6 /* MainMenu.xib */ = {
			isa = PBXVariantGroup;
			children = (
				1FE49C3116A3CD060016E8F6 /* en */,
			);
			name = MainMenu.xib;
			sourceTree = "<group>";
		};
		1FE49C4116A3CD060016E8F6 /* InfoPlist.strings */ = {
			isa = PBXVariantGroup;
			children = (
				1FE49C4216A3CD060016E8F6 /* en */,
			);
			name = InfoPlist.strings;
			sourceTree = "<group>";
		};
		1FE49C5F16A3D1030016E8F6 /* ACEViewController.xib */ = {
			isa = PBXVariantGroup;
			children = (
				1FE49C5E16A3D1030016E8F6 /* en */,
			);
			name = ACEViewController.xib;
			sourceTree = "<group>";
		};
		1FE49C7016A3D9FB0016E8F6 /* MainWindowController.xib */ = {
			isa = PBXVariantGroup;
			children = (
				1FE49C6F16A3D9FB0016E8F6 /* en */,
			);
			name = MainWindowController.xib;
			sourceTree = "<group>";
		};
		1FE49CBB16A499FE0016E8F6 /* MainViewController.xib */ = {
			isa = PBXVariantGroup;
			children = (
				1FE49CBA16A499FE0016E8F6 /* en */,
			);
			name = MainViewController.xib;
			sourceTree = "<group>";
		};
		1FE49CFD16A4EC730016E8F6 /* Localizable.strings */ = {
			isa = PBXVariantGroup;
			children = (
				1FE49CFC16A4EC730016E8F6 /* en */,
			);
			name = Localizable.strings;
			sourceTree = "<group>";
		};
		1FE49D2116A60B2F0016E8F6 /* ProgressWindowController.xib */ = {
			isa = PBXVariantGroup;
			children = (
				1FE49D2016A60B2F0016E8F6 /* en */,
			);
			name = ProgressWindowController.xib;
			sourceTree = "<group>";
		};
/* End PBXVariantGroup section */

/* Begin XCBuildConfiguration section */
		1FE49C4716A3CD060016E8F6 /* Debug */ = {
			isa = XCBuildConfiguration;
			buildSettings = {
				ALWAYS_SEARCH_USER_PATHS = NO;
				ARCHS = "$(ARCHS_STANDARD_64_BIT)";
				CLANG_CXX_LANGUAGE_STANDARD = "gnu++0x";
				CLANG_CXX_LIBRARY = "libc++";
				CLANG_ENABLE_OBJC_ARC = YES;
				CLANG_WARN_EMPTY_BODY = YES;
				CLANG_WARN__DUPLICATE_METHOD_MATCH = YES;
				COPY_PHASE_STRIP = NO;
				GCC_C_LANGUAGE_STANDARD = gnu99;
				GCC_DYNAMIC_NO_PIC = NO;
				GCC_ENABLE_OBJC_EXCEPTIONS = YES;
				GCC_OPTIMIZATION_LEVEL = 0;
				GCC_PREPROCESSOR_DEFINITIONS = (
					"DEBUG=1",
					"$(inherited)",
				);
				GCC_SYMBOLS_PRIVATE_EXTERN = NO;
				GCC_WARN_64_TO_32_BIT_CONVERSION = YES;
				GCC_WARN_ABOUT_RETURN_TYPE = YES;
				GCC_WARN_UNINITIALIZED_AUTOS = YES;
				GCC_WARN_UNUSED_VARIABLE = YES;
				MACOSX_DEPLOYMENT_TARGET = 10.7;
				ONLY_ACTIVE_ARCH = YES;
				SDKROOT = macosx;
			};
			name = Debug;
		};
		1FE49C4816A3CD060016E8F6 /* Release */ = {
			isa = XCBuildConfiguration;
			buildSettings = {
				ALWAYS_SEARCH_USER_PATHS = NO;
				ARCHS = "$(ARCHS_STANDARD_64_BIT)";
				CLANG_CXX_LANGUAGE_STANDARD = "gnu++0x";
				CLANG_CXX_LIBRARY = "libc++";
				CLANG_ENABLE_OBJC_ARC = YES;
				CLANG_WARN_EMPTY_BODY = YES;
				CLANG_WARN__DUPLICATE_METHOD_MATCH = YES;
				COPY_PHASE_STRIP = YES;
				DEBUG_INFORMATION_FORMAT = "dwarf-with-dsym";
				GCC_C_LANGUAGE_STANDARD = gnu99;
				GCC_ENABLE_OBJC_EXCEPTIONS = YES;
				GCC_WARN_64_TO_32_BIT_CONVERSION = YES;
				GCC_WARN_ABOUT_RETURN_TYPE = YES;
				GCC_WARN_UNINITIALIZED_AUTOS = YES;
				GCC_WARN_UNUSED_VARIABLE = YES;
				MACOSX_DEPLOYMENT_TARGET = 10.7;
				SDKROOT = macosx;
			};
			name = Release;
		};
		1FE49C4A16A3CD060016E8F6 /* Debug */ = {
			isa = XCBuildConfiguration;
			buildSettings = {
				COMBINE_HIDPI_IMAGES = YES;
				FRAMEWORK_SEARCH_PATHS = (
					"$(inherited)",
					"\"$(SRCROOT)\"",
				);
				GCC_PRECOMPILE_PREFIX_HEADER = YES;
				GCC_PREFIX_HEADER = "MINDcode/MINDcode-Prefix.pch";
				INFOPLIST_FILE = "MINDcode/MINDcode-Info.plist";
				PRODUCT_NAME = "$(TARGET_NAME)";
				WRAPPER_EXTENSION = app;
			};
			name = Debug;
		};
		1FE49C4B16A3CD060016E8F6 /* Release */ = {
			isa = XCBuildConfiguration;
			buildSettings = {
				COMBINE_HIDPI_IMAGES = YES;
				FRAMEWORK_SEARCH_PATHS = (
					"$(inherited)",
					"\"$(SRCROOT)\"",
				);
				GCC_PRECOMPILE_PREFIX_HEADER = YES;
				GCC_PREFIX_HEADER = "MINDcode/MINDcode-Prefix.pch";
				INFOPLIST_FILE = "MINDcode/MINDcode-Info.plist";
				PRODUCT_NAME = "$(TARGET_NAME)";
				WRAPPER_EXTENSION = app;
			};
			name = Release;
		};
		1FE49C4D16A3CD060016E8F6 /* Debug */ = {
			isa = XCBuildConfiguration;
			buildSettings = {
				BUNDLE_LOADER = "$(BUILT_PRODUCTS_DIR)/MINDcode.app/Contents/MacOS/MINDcode";
				COMBINE_HIDPI_IMAGES = YES;
				FRAMEWORK_SEARCH_PATHS = "\"$(DEVELOPER_LIBRARY_DIR)/Frameworks\"";
				GCC_PRECOMPILE_PREFIX_HEADER = YES;
				GCC_PREFIX_HEADER = "MINDcode/MINDcode-Prefix.pch";
				INFOPLIST_FILE = "MINDcodeTests/MINDcodeTests-Info.plist";
				PRODUCT_NAME = "$(TARGET_NAME)";
				TEST_HOST = "$(BUNDLE_LOADER)";
				WRAPPER_EXTENSION = octest;
			};
			name = Debug;
		};
		1FE49C4E16A3CD060016E8F6 /* Release */ = {
			isa = XCBuildConfiguration;
			buildSettings = {
				BUNDLE_LOADER = "$(BUILT_PRODUCTS_DIR)/MINDcode.app/Contents/MacOS/MINDcode";
				COMBINE_HIDPI_IMAGES = YES;
				FRAMEWORK_SEARCH_PATHS = "\"$(DEVELOPER_LIBRARY_DIR)/Frameworks\"";
				GCC_PRECOMPILE_PREFIX_HEADER = YES;
				GCC_PREFIX_HEADER = "MINDcode/MINDcode-Prefix.pch";
				INFOPLIST_FILE = "MINDcodeTests/MINDcodeTests-Info.plist";
				PRODUCT_NAME = "$(TARGET_NAME)";
				TEST_HOST = "$(BUNDLE_LOADER)";
				WRAPPER_EXTENSION = octest;
			};
			name = Release;
		};
/* End XCBuildConfiguration section */

/* Begin XCConfigurationList section */
		1FE49C0E16A3CD060016E8F6 /* Build configuration list for PBXProject "MINDcode" */ = {
			isa = XCConfigurationList;
			buildConfigurations = (
				1FE49C4716A3CD060016E8F6 /* Debug */,
				1FE49C4816A3CD060016E8F6 /* Release */,
			);
			defaultConfigurationIsVisible = 0;
			defaultConfigurationName = Release;
		};
		1FE49C4916A3CD060016E8F6 /* Build configuration list for PBXNativeTarget "MINDcode" */ = {
			isa = XCConfigurationList;
			buildConfigurations = (
				1FE49C4A16A3CD060016E8F6 /* Debug */,
				1FE49C4B16A3CD060016E8F6 /* Release */,
			);
			defaultConfigurationIsVisible = 0;
			defaultConfigurationName = Release;
		};
		1FE49C4C16A3CD060016E8F6 /* Build configuration list for PBXNativeTarget "MINDcodeTests" */ = {
			isa = XCConfigurationList;
			buildConfigurations = (
				1FE49C4D16A3CD060016E8F6 /* Debug */,
				1FE49C4E16A3CD060016E8F6 /* Release */,
			);
			defaultConfigurationIsVisible = 0;
			defaultConfigurationName = Release;
		};
/* End XCConfigurationList section */
	};
	rootObject = 1FE49C0B16A3CD060016E8F6 /* Project object */;
}
